
Microsoft Visual Studio Solution File, Format Version 11.00
# Visual Studio 2010
Project("{FAE04EC0-301F-11D3-BF4B-00C04F79EFBC}") = "WindowsFormsApplication6", "WindowsFormsApplication6\WindowsFormsApplication6.csproj", "{70F17A5C-66C7-4257-B288-24F10BA47ED5}"
EndProject
Global
	GlobalSection(SolutionConfigurationPlatforms) = preSolution
		Debug|x86 = Debug|x86
		Release|x86 = Release|x86
	EndGlobalSection
	GlobalSection(ProjectConfigurationPlatforms) = postSolution
		{70F17A5C-66C7-4257-B288-24F10BA47ED5}.Debug|x86.ActiveCfg = Debug|x86
		{70F17A5C-66C7-4257-B288-24F10BA47ED5}.Debug|x86.Build.0 = Debug|x86
		{70F17A5C-66C7-4257-B288-24F10BA47ED5}.Release|x86.ActiveCfg = Release|x86
		{70F17A5C-66C7-4257-B288-24F10BA47ED5}.Release|x86.Build.0 = Release|x86
	EndGlobalSection
	GlobalSection(SolutionProperties) = preSolution
		HideSolutionNode = FALSE
	EndGlobalSection
EndGlobal
